
Microsoft Visual Studio Solution File, Format Version 12.00
# Visual Studio 14
VisualStudioVersion = 14.0.23107.0
MinimumVisualStudioVersion = 10.0.40219.1
Project("{FAE04EC0-301F-11D3-BF4B-00C04F79EFBC}") = "BlackjackConsoleApp", "Blackjack\BlackjackConsoleApp.csproj", "{F6D2E9B8-7852-448C-ADC2-59CAE05E0FB9}"
EndProject
Project("{FAE04EC0-301F-11D3-BF4B-00C04F79EFBC}") = "BlackjackWPFApp", "BlackjackWPFApp\BlackjackWPFApp.csproj", "{03721866-90FE-4A55-A662-61EBCC472206}"
EndProject
Project("{FAE04EC0-301F-11D3-BF4B-00C04F79EFBC}") = "BlackjackTest", "BlackjackTest\BlackjackTest.csproj", "{725D294A-8ADB-45C5-B817-B9695F8A02C0}"
EndProject
Global
	GlobalSection(SolutionConfigurationPlatforms) = preSolution
		Debug|Any CPU = Debug|Any CPU
		Release|Any CPU = Release|Any CPU
	EndGlobalSection
	GlobalSection(ProjectConfigurationPlatforms) = postSolution
		{F6D2E9B8-7852-448C-ADC2-59CAE05E0FB9}.Debug|Any CPU.ActiveCfg = Debug|Any CPU
		{F6D2E9B8-7852-448C-ADC2-59CAE05E0FB9}.Debug|Any CPU.Build.0 = Debug|Any CPU
		{F6D2E9B8-7852-448C-ADC2-59CAE05E0FB9}.Release|Any CPU.ActiveCfg = Release|Any CPU
		{F6D2E9B8-7852-448C-ADC2-59CAE05E0FB9}.Release|Any CPU.Build.0 = Release|Any CPU
		{03721866-90FE-4A55-A662-61EBCC472206}.Debug|Any CPU.ActiveCfg = Debug|Any CPU
		{03721866-90FE-4A55-A662-61EBCC472206}.Debug|Any CPU.Build.0 = Debug|Any CPU
		{03721866-90FE-4A55-A662-61EBCC472206}.Release|Any CPU.ActiveCfg = Release|Any CPU
		{03721866-90FE-4A55-A662-61EBCC472206}.Release|Any CPU.Build.0 = Release|Any CPU
		{725D294A-8ADB-45C5-B817-B9695F8A02C0}.Debug|Any CPU.ActiveCfg = Debug|Any CPU
		{725D294A-8ADB-45C5-B817-B9695F8A02C0}.Debug|Any CPU.Build.0 = Debug|Any CPU
		{725D294A-8ADB-45C5-B817-B9695F8A02C0}.Release|Any CPU.ActiveCfg = Release|Any CPU
		{725D294A-8ADB-45C5-B817-B9695F8A02C0}.Release|Any CPU.Build.0 = Release|Any CPU
	EndGlobalSection
	GlobalSection(SolutionProperties) = preSolution
		HideSolutionNode = FALSE
	EndGlobalSection
EndGlobal
