
Microsoft Visual Studio Solution File, Format Version 12.00
# Visual Studio Version 16
VisualStudioVersion = 16.0.29519.87
MinimumVisualStudioVersion = 10.0.40219.1
Project("{FAE04EC0-301F-11D3-BF4B-00C04F79EFBC}") = "ConsoleUI", "ConsoleUI\ConsoleUI.csproj", "{7E43F0A1-C3F1-4C86-8242-81620BB7D052}"
EndProject
Project("{FAE04EC0-301F-11D3-BF4B-00C04F79EFBC}") = "CardLibrary", "CardLibrary\CardLibrary.csproj", "{69F0B055-DF73-4F1A-83AE-61B18E4A22DC}"
EndProject
Project("{FAE04EC0-301F-11D3-BF4B-00C04F79EFBC}") = "CardTests", "CardTests\CardTests.csproj", "{569876FE-C429-4AD8-9047-1A60046FE206}"
EndProject
Global
	GlobalSection(SolutionConfigurationPlatforms) = preSolution
		Debug|Any CPU = Debug|Any CPU
		Release|Any CPU = Release|Any CPU
	EndGlobalSection
	GlobalSection(ProjectConfigurationPlatforms) = postSolution
		{7E43F0A1-C3F1-4C86-8242-81620BB7D052}.Debug|Any CPU.ActiveCfg = Debug|Any CPU
		{7E43F0A1-C3F1-4C86-8242-81620BB7D052}.Debug|Any CPU.Build.0 = Debug|Any CPU
		{7E43F0A1-C3F1-4C86-8242-81620BB7D052}.Release|Any CPU.ActiveCfg = Release|Any CPU
		{7E43F0A1-C3F1-4C86-8242-81620BB7D052}.Release|Any CPU.Build.0 = Release|Any CPU
		{69F0B055-DF73-4F1A-83AE-61B18E4A22DC}.Debug|Any CPU.ActiveCfg = Debug|Any CPU
		{69F0B055-DF73-4F1A-83AE-61B18E4A22DC}.Debug|Any CPU.Build.0 = Debug|Any CPU
		{69F0B055-DF73-4F1A-83AE-61B18E4A22DC}.Release|Any CPU.ActiveCfg = Release|Any CPU
		{69F0B055-DF73-4F1A-83AE-61B18E4A22DC}.Release|Any CPU.Build.0 = Release|Any CPU
		{569876FE-C429-4AD8-9047-1A60046FE206}.Debug|Any CPU.ActiveCfg = Debug|Any CPU
		{569876FE-C429-4AD8-9047-1A60046FE206}.Debug|Any CPU.Build.0 = Debug|Any CPU
		{569876FE-C429-4AD8-9047-1A60046FE206}.Release|Any CPU.ActiveCfg = Release|Any CPU
		{569876FE-C429-4AD8-9047-1A60046FE206}.Release|Any CPU.Build.0 = Release|Any CPU
	EndGlobalSection
	GlobalSection(SolutionProperties) = preSolution
		HideSolutionNode = FALSE
	EndGlobalSection
	GlobalSection(ExtensibilityGlobals) = postSolution
		SolutionGuid = {3A8F7CCA-E46F-4998-B7E2-9D5AFA4C1F45}
	EndGlobalSection
EndGlobal
